// !$*UTF8*$!
{
	archiveVersion = 1;
	classes = {
	};
	objectVersion = 48;
	objects = {

/* Begin PBXBuildFile section */
		243CA02A20494E10004D7FB5 /* AppDelegate.swift in Sources */ = {isa = PBXBuildFile; fileRef = 243CA02920494E10004D7FB5 /* AppDelegate.swift */; };
		243CA02C20494E10004D7FB5 /* ViewController.swift in Sources */ = {isa = PBXBuildFile; fileRef = 243CA02B20494E10004D7FB5 /* ViewController.swift */; };
		243CA02F20494E10004D7FB5 /* Main.storyboard in Resources */ = {isa = PBXBuildFile; fileRef = 243CA02D20494E10004D7FB5 /* Main.storyboard */; };
		243CA03120494E10004D7FB5 /* Assets.xcassets in Resources */ = {isa = PBXBuildFile; fileRef = 243CA03020494E10004D7FB5 /* Assets.xcassets */; };
		243CA03420494E10004D7FB5 /* LaunchScreen.storyboard in Resources */ = {isa = PBXBuildFile; fileRef = 243CA03220494E10004D7FB5 /* LaunchScreen.storyboard */; };
		243CA03F20494E10004D7FB5 /* QuickAATests.swift in Sources */ = {isa = PBXBuildFile; fileRef = 243CA03E20494E10004D7FB5 /* QuickAATests.swift */; };
		245E084E206B907E00BEE5C0 /* Demo.plist in Resources */ = {isa = PBXBuildFile; fileRef = 245E084D206B907E00BEE5C0 /* Demo.plist */; };
		245E0850206B952E00BEE5C0 /* User.plist in Resources */ = {isa = PBXBuildFile; fileRef = 245E084F206B952E00BEE5C0 /* User.plist */; };
/* End PBXBuildFile section */

/* Begin PBXContainerItemProxy section */
		243CA03B20494E10004D7FB5 /* PBXContainerItemProxy */ = {
			isa = PBXContainerItemProxy;
			containerPortal = 243CA01E20494E10004D7FB5 /* Project object */;
			proxyType = 1;
			remoteGlobalIDString = 243CA02520494E10004D7FB5;
			remoteInfo = QuickAA;
		};
/* End PBXContainerItemProxy section */

/* Begin PBXFileReference section */
		243CA02620494E10004D7FB5 /* QuickAA.app */ = {isa = PBXFileReference; explicitFileType = wrapper.application; includeInIndex = 0; path = QuickAA.app; sourceTree = BUILT_PRODUCTS_DIR; };
		243CA02920494E10004D7FB5 /* AppDelegate.swift */ = {isa = PBXFileReference; lastKnownFileType = sourcecode.swift; path = AppDelegate.swift; sourceTree = "<group>"; };
		243CA02B20494E10004D7FB5 /* ViewController.swift */ = {isa = PBXFileReference; lastKnownFileType = sourcecode.swift; path = ViewController.swift; sourceTree = "<group>"; };
		243CA02E20494E10004D7FB5 /* Base */ = {isa = PBXFileReference; lastKnownFileType = file.storyboard; name = Base; path = Base.lproj/Main.storyboard; sourceTree = "<group>"; };
		243CA03020494E10004D7FB5 /* Assets.xcassets */ = {isa = PBXFileReference; lastKnownFileType = folder.assetcatalog; path = Assets.xcassets; sourceTree = "<group>"; };
		243CA03320494E10004D7FB5 /* Base */ = {isa = PBXFileReference; lastKnownFileType = file.storyboard; name = Base; path = Base.lproj/LaunchScreen.storyboard; sourceTree = "<group>"; };
		243CA03520494E10004D7FB5 /* Info.plist */ = {isa = PBXFileReference; lastKnownFileType = text.plist.xml; path = Info.plist; sourceTree = "<group>"; };
		243CA03A20494E10004D7FB5 /* QuickAATests.xctest */ = {isa = PBXFileReference; explicitFileType = wrapper.cfbundle; includeInIndex = 0; path = QuickAATests.xctest; sourceTree = BUILT_PRODUCTS_DIR; };
		243CA03E20494E10004D7FB5 /* QuickAATests.swift */ = {isa = PBXFileReference; lastKnownFileType = sourcecode.swift; path = QuickAATests.swift; sourceTree = "<group>"; };
		243CA04020494E10004D7FB5 /* Info.plist */ = {isa = PBXFileReference; lastKnownFileType = text.plist.xml; path = Info.plist; sourceTree = "<group>"; };
		245E084D206B907E00BEE5C0 /* Demo.plist */ = {isa = PBXFileReference; lastKnownFileType = text.plist.xml; path = Demo.plist; sourceTree = "<group>"; };
		245E084F206B952E00BEE5C0 /* User.plist */ = {isa = PBXFileReference; lastKnownFileType = text.plist.xml; path = User.plist; sourceTree = "<group>"; };
/* End PBXFileReference section */

/* Begin PBXFrameworksBuildPhase section */
		243CA02320494E10004D7FB5 /* Frameworks */ = {
			isa = PBXFrameworksBuildPhase;
			buildActionMask = 2147483647;
			files = (
			);
			runOnlyForDeploymentPostprocessing = 0;
		};
		243CA03720494E10004D7FB5 /* Frameworks */ = {
			isa = PBXFrameworksBuildPhase;
			buildActionMask = 2147483647;
			files = (
			);
			runOnlyForDeploymentPostprocessing = 0;
		};
/* End PBXFrameworksBuildPhase section */

/* Begin PBXGroup section */
		243CA01D20494E10004D7FB5 = {
			isa = PBXGroup;
			children = (
				243CA02820494E10004D7FB5 /* QuickAA */,
				243CA03D20494E10004D7FB5 /* QuickAATests */,
				243CA02720494E10004D7FB5 /* Products */,
			);
			sourceTree = "<group>";
		};
		243CA02720494E10004D7FB5 /* Products */ = {
			isa = PBXGroup;
			children = (
				243CA02620494E10004D7FB5 /* QuickAA.app */,
				243CA03A20494E10004D7FB5 /* QuickAATests.xctest */,
			);
			name = Products;
			sourceTree = "<group>";
		};
		243CA02820494E10004D7FB5 /* QuickAA */ = {
			isa = PBXGroup;
			children = (
				243CA02920494E10004D7FB5 /* AppDelegate.swift */,
				243CA02B20494E10004D7FB5 /* ViewController.swift */,
				243CA02D20494E10004D7FB5 /* Main.storyboard */,
				243CA03020494E10004D7FB5 /* Assets.xcassets */,
				243CA03220494E10004D7FB5 /* LaunchScreen.storyboard */,
				243CA03520494E10004D7FB5 /* Info.plist */,
				245E084D206B907E00BEE5C0 /* Demo.plist */,
				245E084F206B952E00BEE5C0 /* User.plist */,
			);
			path = QuickAA;
			sourceTree = "<group>";
		};
		243CA03D20494E10004D7FB5 /* QuickAATests */ = {
			isa = PBXGroup;
			children = (
				243CA03E20494E10004D7FB5 /* QuickAATests.swift */,
				243CA04020494E10004D7FB5 /* Info.plist */,
			);
			path = QuickAATests;
			sourceTree = "<group>";
		};
/* End PBXGroup section */

/* Begin PBXNativeTarget section */
		243CA02520494E10004D7FB5 /* QuickAA */ = {
			isa = PBXNativeTarget;
			buildConfigurationList = 243CA04320494E10004D7FB5 /* Build configuration list for PBXNativeTarget "QuickAA" */;
			buildPhases = (
				243CA02220494E10004D7FB5 /* Sources */,
				243CA02320494E10004D7FB5 /* Frameworks */,
				243CA02420494E10004D7FB5 /* Resources */,
			);
			buildRules = (
			);
			dependencies = (
			);
			name = QuickAA;
			productName = QuickAA;
			productReference = 243CA02620494E10004D7FB5 /* QuickAA.app */;
			productType = "com.apple.product-type.application";
		};
		243CA03920494E10004D7FB5 /* QuickAATests */ = {
			isa = PBXNativeTarget;
			buildConfigurationList = 243CA04620494E10004D7FB5 /* Build configuration list for PBXNativeTarget "QuickAATests" */;
			buildPhases = (
				243CA03620494E10004D7FB5 /* Sources */,
				243CA03720494E10004D7FB5 /* Frameworks */,
				243CA03820494E10004D7FB5 /* Resources */,
			);
			buildRules = (
			);
			dependencies = (
				243CA03C20494E10004D7FB5 /* PBXTargetDependency */,
			);
			name = QuickAATests;
			productName = QuickAATests;
			productReference = 243CA03A20494E10004D7FB5 /* QuickAATests.xctest */;
			productType = "com.apple.product-type.bundle.unit-test";
		};
/* End PBXNativeTarget section */

/* Begin PBXProject section */
		243CA01E20494E10004D7FB5 /* Project object */ = {
			isa = PBXProject;
			attributes = {
				LastSwiftUpdateCheck = 0920;
				LastUpgradeCheck = 0920;
				ORGANIZATIONNAME = ak2840;
				TargetAttributes = {
					243CA02520494E10004D7FB5 = {
						CreatedOnToolsVersion = 9.2;
						ProvisioningStyle = Automatic;
					};
					243CA03920494E10004D7FB5 = {
						CreatedOnToolsVersion = 9.2;
						ProvisioningStyle = Automatic;
						TestTargetID = 243CA02520494E10004D7FB5;
					};
				};
			};
			buildConfigurationList = 243CA02120494E10004D7FB5 /* Build configuration list for PBXProject "QuickAA" */;
			compatibilityVersion = "Xcode 8.0";
			developmentRegion = en;
			hasScannedForEncodings = 0;
			knownRegions = (
				en,
				Base,
			);
			mainGroup = 243CA01D20494E10004D7FB5;
			productRefGroup = 243CA02720494E10004D7FB5 /* Products */;
			projectDirPath = "";
			projectRoot = "";
			targets = (
				243CA02520494E10004D7FB5 /* QuickAA */,
				243CA03920494E10004D7FB5 /* QuickAATests */,
			);
		};
/* End PBXProject section */

/* Begin PBXResourcesBuildPhase section */
		243CA02420494E10004D7FB5 /* Resources */ = {
			isa = PBXResourcesBuildPhase;
			buildActionMask = 2147483647;
			files = (
				243CA03420494E10004D7FB5 /* LaunchScreen.storyboard in Resources */,
				245E084E206B907E00BEE5C0 /* Demo.plist in Resources */,
				243CA03120494E10004D7FB5 /* Assets.xcassets in Resources */,
				245E0850206B952E00BEE5C0 /* User.plist in Resources */,
				243CA02F20494E10004D7FB5 /* Main.storyboard in Resources */,
			);
			runOnlyForDeploymentPostprocessing = 0;
		};
		243CA03820494E10004D7FB5 /* Resources */ = {
			isa = PBXResourcesBuildPhase;
			buildActionMask = 2147483647;
			files = (
			);
			runOnlyForDeploymentPostprocessing = 0;
		};
/* End PBXResourcesBuildPhase section */

/* Begin PBXSourcesBuildPhase section */
		243CA02220494E10004D7FB5 /* Sources */ = {
			isa = PBXSourcesBuildPhase;
			buildActionMask = 2147483647;
			files = (
				243CA02C20494E10004D7FB5 /* ViewController.swift in Sources */,
				243CA02A20494E10004D7FB5 /* AppDelegate.swift in Sources */,
			);
			runOnlyForDeploymentPostprocessing = 0;
		};
		243CA03620494E10004D7FB5 /* Sources */ = {
			isa = PBXSourcesBuildPhase;
			buildActionMask = 2147483647;
			files = (
				243CA03F20494E10004D7FB5 /* QuickAATests.swift in Sources */,
			);
			runOnlyForDeploymentPostprocessing = 0;
		};
/* End PBXSourcesBuildPhase section */

/* Begin PBXTargetDependency section */
		243CA03C20494E10004D7FB5 /* PBXTargetDependency */ = {
			isa = PBXTargetDependency;
			target = 243CA02520494E10004D7FB5 /* QuickAA */;
			targetProxy = 243CA03B20494E10004D7FB5 /* PBXContainerItemProxy */;
		};
/* End PBXTargetDependency section */

/* Begin PBXVariantGroup section */
		243CA02D20494E10004D7FB5 /* Main.storyboard */ = {
			isa = PBXVariantGroup;
			children = (
				243CA02E20494E10004D7FB5 /* Base */,
			);
			name = Main.storyboard;
			sourceTree = "<group>";
		};
		243CA03220494E10004D7FB5 /* LaunchScreen.storyboard */ = {
			isa = PBXVariantGroup;
			children = (
				243CA03320494E10004D7FB5 /* Base */,
			);
			name = LaunchScreen.storyboard;
			sourceTree = "<group>";
		};
/* End PBXVariantGroup section */

/* Begin XCBuildConfiguration section */
		243CA04120494E10004D7FB5 /* Debug */ = {
			isa = XCBuildConfiguration;
			buildSettings = {
				ALWAYS_SEARCH_USER_PATHS = NO;
				CLANG_ANALYZER_NONNULL = YES;
				CLANG_ANALYZER_NUMBER_OBJECT_CONVERSION = YES_AGGRESSIVE;
				CLANG_CXX_LANGUAGE_STANDARD = "gnu++14";
				CLANG_CXX_LIBRARY = "libc++";
				CLANG_ENABLE_MODULES = YES;
				CLANG_ENABLE_OBJC_ARC = YES;
				CLANG_WARN_BLOCK_CAPTURE_AUTORELEASING = YES;
				CLANG_WARN_BOOL_CONVERSION = YES;
				CLANG_WARN_COMMA = YES;
				CLANG_WARN_CONSTANT_CONVERSION = YES;
				CLANG_WARN_DIRECT_OBJC_ISA_USAGE = YES_ERROR;
				CLANG_WARN_DOCUMENTATION_COMMENTS = YES;
				CLANG_WARN_EMPTY_BODY = YES;
				CLANG_WARN_ENUM_CONVERSION = YES;
				CLANG_WARN_INFINITE_RECURSION = YES;
				CLANG_WARN_INT_CONVERSION = YES;
				CLANG_WARN_NON_LITERAL_NULL_CONVERSION = YES;
				CLANG_WARN_OBJC_LITERAL_CONVERSION = YES;
				CLANG_WARN_OBJC_ROOT_CLASS = YES_ERROR;
				CLANG_WARN_RANGE_LOOP_ANALYSIS = YES;
				CLANG_WARN_STRICT_PROTOTYPES = YES;
				CLANG_WARN_SUSPICIOUS_MOVE = YES;
				CLANG_WARN_UNGUARDED_AVAILABILITY = YES_AGGRESSIVE;
				CLANG_WARN_UNREACHABLE_CODE = YES;
				CLANG_WARN__DUPLICATE_METHOD_MATCH = YES;
				CODE_SIGN_IDENTITY = "iPhone Developer";
				COPY_PHASE_STRIP = NO;
				DEBUG_INFORMATION_FORMAT = dwarf;
				ENABLE_STRICT_OBJC_MSGSEND = YES;
				ENABLE_TESTABILITY = YES;
				GCC_C_LANGUAGE_STANDARD = gnu11;
				GCC_DYNAMIC_NO_PIC = NO;
				GCC_NO_COMMON_BLOCKS = YES;
				GCC_OPTIMIZATION_LEVEL = 0;
				GCC_PREPROCESSOR_DEFINITIONS = (
					"DEBUG=1",
					"$(inherited)",
				);
				GCC_WARN_64_TO_32_BIT_CONVERSION = YES;
				GCC_WARN_ABOUT_RETURN_TYPE = YES_ERROR;
				GCC_WARN_UNDECLARED_SELECTOR = YES;
				GCC_WARN_UNINITIALIZED_AUTOS = YES_AGGRESSIVE;
				GCC_WARN_UNUSED_FUNCTION = YES;
				GCC_WARN_UNUSED_VARIABLE = YES;
				IPHONEOS_DEPLOYMENT_TARGET = 11.2;
				MTL_ENABLE_DEBUG_INFO = YES;
				ONLY_ACTIVE_ARCH = YES;
				SDKROOT = iphoneos;
				SWIFT_ACTIVE_COMPILATION_CONDITIONS = DEBUG;
				SWIFT_OPTIMIZATION_LEVEL = "-Onone";
			};
			name = Debug;
		};
		243CA04220494E10004D7FB5 /* Release */ = {
			isa = XCBuildConfiguration;
			buildSettings = {
				ALWAYS_SEARCH_USER_PATHS = NO;
				CLANG_ANALYZER_NONNULL = YES;
				CLANG_ANALYZER_NUMBER_OBJECT_CONVERSION = YES_AGGRESSIVE;
				CLANG_CXX_LANGUAGE_STANDARD = "gnu++14";
				CLANG_CXX_LIBRARY = "libc++";
				CLANG_ENABLE_MODULES = YES;
				CLANG_ENABLE_OBJC_ARC = YES;
				CLANG_WARN_BLOCK_CAPTURE_AUTORELEASING = YES;
				CLANG_WARN_BOOL_CONVERSION = YES;
				CLANG_WARN_COMMA = YES;
				CLANG_WARN_CONSTANT_CONVERSION = YES;
				CLANG_WARN_DIRECT_OBJC_ISA_USAGE = YES_ERROR;
				CLANG_WARN_DOCUMENTATION_COMMENTS = YES;
				CLANG_WARN_EMPTY_BODY = YES;
				CLANG_WARN_ENUM_CONVERSION = YES;
				CLANG_WARN_INFINITE_RECURSION = YES;
				CLANG_WARN_INT_CONVERSION = YES;
				CLANG_WARN_NON_LITERAL_NULL_CONVERSION = YES;
				CLANG_WARN_OBJC_LITERAL_CONVERSION = YES;
				CLANG_WARN_OBJC_ROOT_CLASS = YES_ERROR;
				CLANG_WARN_RANGE_LOOP_ANALYSIS = YES;
				CLANG_WARN_STRICT_PROTOTYPES = YES;
				CLANG_WARN_SUSPICIOUS_MOVE = YES;
				CLANG_WARN_UNGUARDED_AVAILABILITY = YES_AGGRESSIVE;
				CLANG_WARN_UNREACHABLE_CODE = YES;
				CLANG_WARN__DUPLICATE_METHOD_MATCH = YES;
				CODE_SIGN_IDENTITY = "iPhone Developer";
				COPY_PHASE_STRIP = NO;
				DEBUG_INFORMATION_FORMAT = "dwarf-with-dsym";
				ENABLE_NS_ASSERTIONS = NO;
				ENABLE_STRICT_OBJC_MSGSEND = YES;
				GCC_C_LANGUAGE_STANDARD = gnu11;
				GCC_NO_COMMON_BLOCKS = YES;
				GCC_WARN_64_TO_32_BIT_CONVERSION = YES;
				GCC_WARN_ABOUT_RETURN_TYPE = YES_ERROR;
				GCC_WARN_UNDECLARED_SELECTOR = YES;
				GCC_WARN_UNINITIALIZED_AUTOS = YES_AGGRESSIVE;
				GCC_WARN_UNUSED_FUNCTION = YES;
				GCC_WARN_UNUSED_VARIABLE = YES;
				IPHONEOS_DEPLOYMENT_TARGET = 11.2;
				MTL_ENABLE_DEBUG_INFO = NO;
				SDKROOT = iphoneos;
				SWIFT_OPTIMIZATION_LEVEL = "-Owholemodule";
				VALIDATE_PRODUCT = YES;
			};
			name = Release;
		};
		243CA04420494E10004D7FB5 /* Debug */ = {
			isa = XCBuildConfiguration;
			buildSettings = {
				ASSETCATALOG_COMPILER_APPICON_NAME = AppIcon;
				CODE_SIGN_STYLE = Automatic;
				DEVELOPMENT_TEAM = 9H2B4EHSYC;
				INFOPLIST_FILE = QuickAA/Info.plist;
				LD_RUNPATH_SEARCH_PATHS = "$(inherited) @executable_path/Frameworks";
				PRODUCT_BUNDLE_IDENTIFIER = com.ak2840.QuickAA;
				PRODUCT_NAME = "$(TARGET_NAME)";
				SWIFT_VERSION = 4.0;
				TARGETED_DEVICE_FAMILY = 1;
			};
			name = Debug;
		};
		243CA04520494E10004D7FB5 /* Release */ = {
			isa = XCBuildConfiguration;
			buildSettings = {
				ASSETCATALOG_COMPILER_APPICON_NAME = AppIcon;
				CODE_SIGN_STYLE = Automatic;
				DEVELOPMENT_TEAM = 9H2B4EHSYC;
				INFOPLIST_FILE = QuickAA/Info.plist;
				LD_RUNPATH_SEARCH_PATHS = "$(inherited) @executable_path/Frameworks";
				PRODUCT_BUNDLE_IDENTIFIER = com.ak2840.QuickAA;
				PRODUCT_NAME = "$(TARGET_NAME)";
				SWIFT_VERSION = 4.0;
				TARGETED_DEVICE_FAMILY = 1;
			};
			name = Release;
		};
		243CA04720494E10004D7FB5 /* Debug */ = {
			isa = XCBuildConfiguration;
			buildSettings = {
				ALWAYS_EMBED_SWIFT_STANDARD_LIBRARIES = YES;
				BUNDLE_LOADER = "$(TEST_HOST)";
				CODE_SIGN_STYLE = Automatic;
				DEVELOPMENT_TEAM = 9H2B4EHSYC;
				INFOPLIST_FILE = QuickAATests/Info.plist;
				LD_RUNPATH_SEARCH_PATHS = "$(inherited) @executable_path/Frameworks @loader_path/Frameworks";
				PRODUCT_BUNDLE_IDENTIFIER = com.ak2840.QuickAATests;
				PRODUCT_NAME = "$(TARGET_NAME)";
				SWIFT_VERSION = 4.0;
				TARGETED_DEVICE_FAMILY = "1,2";
				TEST_HOST = "$(BUILT_PRODUCTS_DIR)/QuickAA.app/QuickAA";
			};
			name = Debug;
		};
		243CA04820494E10004D7FB5 /* Release */ = {
			isa = XCBuildConfiguration;
			buildSettings = {
				ALWAYS_EMBED_SWIFT_STANDARD_LIBRARIES = YES;
				BUNDLE_LOADER = "$(TEST_HOST)";
				CODE_SIGN_STYLE = Automatic;
				DEVELOPMENT_TEAM = 9H2B4EHSYC;
				INFOPLIST_FILE = QuickAATests/Info.plist;
				LD_RUNPATH_SEARCH_PATHS = "$(inherited) @executable_path/Frameworks @loader_path/Frameworks";
				PRODUCT_BUNDLE_IDENTIFIER = com.ak2840.QuickAATests;
				PRODUCT_NAME = "$(TARGET_NAME)";
				SWIFT_VERSION = 4.0;
				TARGETED_DEVICE_FAMILY = "1,2";
				TEST_HOST = "$(BUILT_PRODUCTS_DIR)/QuickAA.app/QuickAA";
			};
			name = Release;
		};
/* End XCBuildConfiguration section */

/* Begin XCConfigurationList section */
		243CA02120494E10004D7FB5 /* Build configuration list for PBXProject "QuickAA" */ = {
			isa = XCConfigurationList;
			buildConfigurations = (
				243CA04120494E10004D7FB5 /* Debug */,
				243CA04220494E10004D7FB5 /* Release */,
			);
			defaultConfigurationIsVisible = 0;
			defaultConfigurationName = Release;
		};
		243CA04320494E10004D7FB5 /* Build configuration list for PBXNativeTarget "QuickAA" */ = {
			isa = XCConfigurationList;
			buildConfigurations = (
				243CA04420494E10004D7FB5 /* Debug */,
				243CA04520494E10004D7FB5 /* Release */,
			);
			defaultConfigurationIsVisible = 0;
			defaultConfigurationName = Release;
		};
		243CA04620494E10004D7FB5 /* Build configuration list for PBXNativeTarget "QuickAATests" */ = {
			isa = XCConfigurationList;
			buildConfigurations = (
				243CA04720494E10004D7FB5 /* Debug */,
				243CA04820494E10004D7FB5 /* Release */,
			);
			defaultConfigurationIsVisible = 0;
			defaultConfigurationName = Release;
		};
/* End XCConfigurationList section */
	};
	rootObject = 243CA01E20494E10004D7FB5 /* Project object */;
}
